
Microsoft Visual Studio Solution File, Format Version 12.00
# Visual Studio 14
VisualStudioVersion = 14.0.25420.1
MinimumVisualStudioVersion = 10.0.40219.1
Project("{FAE04EC0-301F-11D3-BF4B-00C04F79EFBC}") = "RF", "RF\RF.csproj", "{BB98D0C3-B82B-4C3B-BE11-0B87821B47DA}"
EndProject
Project("{FAE04EC0-301F-11D3-BF4B-00C04F79EFBC}") = "RFTest", "RF.Tests\RFTest.csproj", "{8C8932BF-25F6-4A02-B151-1C088E881757}"
EndProject
Project("{FAE04EC0-301F-11D3-BF4B-00C04F79EFBC}") = "RFLibrary", "RFLibrary\RFLibrary.csproj", "{DF8F6CC2-A0E6-45E2-B329-6791A90D8DA9}"
EndProject
Project("{2150E333-8FDC-42A3-9474-1A3956D46DE8}") = "Solution Items", "Solution Items", "{C30B33BF-B9BC-4DE9-9179-0DCEB9AFFED8}"
	ProjectSection(SolutionItems) = preProject
		README.md = README.md
	EndProjectSection
EndProject
Global
	GlobalSection(SolutionConfigurationPlatforms) = preSolution
		Debug|Any CPU = Debug|Any CPU
		Release|Any CPU = Release|Any CPU
	EndGlobalSection
	GlobalSection(ProjectConfigurationPlatforms) = postSolution
		{BB98D0C3-B82B-4C3B-BE11-0B87821B47DA}.Debug|Any CPU.ActiveCfg = Debug|Any CPU
		{BB98D0C3-B82B-4C3B-BE11-0B87821B47DA}.Debug|Any CPU.Build.0 = Debug|Any CPU
		{BB98D0C3-B82B-4C3B-BE11-0B87821B47DA}.Release|Any CPU.ActiveCfg = Release|Any CPU
		{BB98D0C3-B82B-4C3B-BE11-0B87821B47DA}.Release|Any CPU.Build.0 = Release|Any CPU
		{8C8932BF-25F6-4A02-B151-1C088E881757}.Debug|Any CPU.ActiveCfg = Debug|Any CPU
		{8C8932BF-25F6-4A02-B151-1C088E881757}.Debug|Any CPU.Build.0 = Debug|Any CPU
		{8C8932BF-25F6-4A02-B151-1C088E881757}.Release|Any CPU.ActiveCfg = Release|Any CPU
		{8C8932BF-25F6-4A02-B151-1C088E881757}.Release|Any CPU.Build.0 = Release|Any CPU
		{DF8F6CC2-A0E6-45E2-B329-6791A90D8DA9}.Debug|Any CPU.ActiveCfg = Debug|Any CPU
		{DF8F6CC2-A0E6-45E2-B329-6791A90D8DA9}.Debug|Any CPU.Build.0 = Debug|Any CPU
		{DF8F6CC2-A0E6-45E2-B329-6791A90D8DA9}.Release|Any CPU.ActiveCfg = Release|Any CPU
		{DF8F6CC2-A0E6-45E2-B329-6791A90D8DA9}.Release|Any CPU.Build.0 = Release|Any CPU
	EndGlobalSection
	GlobalSection(SolutionProperties) = preSolution
		HideSolutionNode = FALSE
	EndGlobalSection
EndGlobal
